
Microsoft Visual Studio Solution File, Format Version 12.00
# Visual Studio Version 17
VisualStudioVersion = 17.4.33205.214
MinimumVisualStudioVersion = 10.0.40219.1
Project("{9A19103F-16F7-4668-BE54-9A1E7A4F7556}") = "Digipets.API", "Digipets.API.csproj", "{0959E02B-2486-40AC-A07D-9DF7AD06F3E4}"
EndProject
Project("{9A19103F-16F7-4668-BE54-9A1E7A4F7556}") = "Digipets.Application", "..\Digipets.Application\Digipets.Application.csproj", "{4B755539-9DA5-4E74-9FE3-35220A273F47}"
EndProject
Project("{9A19103F-16F7-4668-BE54-9A1E7A4F7556}") = "Digipets.Domain", "..\Digipets.Domain\Digipets.Domain.csproj", "{8C04D942-2A0E-467F-A746-7730B31BC8E9}"
EndProject
Project("{9A19103F-16F7-4668-BE54-9A1E7A4F7556}") = "Digipets.Infra.Data", "..\Digipets.Infra.Data\Digipets.Infra.Data.csproj", "{D0F787E2-F31D-45E0-AC3E-70F47FF35CCC}"
EndProject
Project("{9A19103F-16F7-4668-BE54-9A1E7A4F7556}") = "Digipets.Infra.IoC", "..\Digipets.Infra.IoC\Digipets.Infra.IoC.csproj", "{6503BD53-61C3-443D-8FF3-15E9037B06A5}"
EndProject
Project("{FAE04EC0-301F-11D3-BF4B-00C04F79EFBC}") = "Digipets.Test", "..\Digipets.Test\Digipets.Test.csproj", "{CE583CC6-2BBD-42CD-BC0C-E464C7FC28AC}"
EndProject
Global
	GlobalSection(SolutionConfigurationPlatforms) = preSolution
		Debug|Any CPU = Debug|Any CPU
		Release|Any CPU = Release|Any CPU
	EndGlobalSection
	GlobalSection(ProjectConfigurationPlatforms) = postSolution
		{0959E02B-2486-40AC-A07D-9DF7AD06F3E4}.Debug|Any CPU.ActiveCfg = Debug|Any CPU
		{0959E02B-2486-40AC-A07D-9DF7AD06F3E4}.Debug|Any CPU.Build.0 = Debug|Any CPU
		{0959E02B-2486-40AC-A07D-9DF7AD06F3E4}.Release|Any CPU.ActiveCfg = Release|Any CPU
		{0959E02B-2486-40AC-A07D-9DF7AD06F3E4}.Release|Any CPU.Build.0 = Release|Any CPU
		{4B755539-9DA5-4E74-9FE3-35220A273F47}.Debug|Any CPU.ActiveCfg = Debug|Any CPU
		{4B755539-9DA5-4E74-9FE3-35220A273F47}.Debug|Any CPU.Build.0 = Debug|Any CPU
		{4B755539-9DA5-4E74-9FE3-35220A273F47}.Release|Any CPU.ActiveCfg = Release|Any CPU
		{4B755539-9DA5-4E74-9FE3-35220A273F47}.Release|Any CPU.Build.0 = Release|Any CPU
		{8C04D942-2A0E-467F-A746-7730B31BC8E9}.Debug|Any CPU.ActiveCfg = Debug|Any CPU
		{8C04D942-2A0E-467F-A746-7730B31BC8E9}.Debug|Any CPU.Build.0 = Debug|Any CPU
		{8C04D942-2A0E-467F-A746-7730B31BC8E9}.Release|Any CPU.ActiveCfg = Release|Any CPU
		{8C04D942-2A0E-467F-A746-7730B31BC8E9}.Release|Any CPU.Build.0 = Release|Any CPU
		{D0F787E2-F31D-45E0-AC3E-70F47FF35CCC}.Debug|Any CPU.ActiveCfg = Debug|Any CPU
		{D0F787E2-F31D-45E0-AC3E-70F47FF35CCC}.Debug|Any CPU.Build.0 = Debug|Any CPU
		{D0F787E2-F31D-45E0-AC3E-70F47FF35CCC}.Release|Any CPU.ActiveCfg = Release|Any CPU
		{D0F787E2-F31D-45E0-AC3E-70F47FF35CCC}.Release|Any CPU.Build.0 = Release|Any CPU
		{6503BD53-61C3-443D-8FF3-15E9037B06A5}.Debug|Any CPU.ActiveCfg = Debug|Any CPU
		{6503BD53-61C3-443D-8FF3-15E9037B06A5}.Debug|Any CPU.Build.0 = Debug|Any CPU
		{6503BD53-61C3-443D-8FF3-15E9037B06A5}.Release|Any CPU.ActiveCfg = Release|Any CPU
		{6503BD53-61C3-443D-8FF3-15E9037B06A5}.Release|Any CPU.Build.0 = Release|Any CPU
		{CE583CC6-2BBD-42CD-BC0C-E464C7FC28AC}.Debug|Any CPU.ActiveCfg = Debug|Any CPU
		{CE583CC6-2BBD-42CD-BC0C-E464C7FC28AC}.Debug|Any CPU.Build.0 = Debug|Any CPU
		{CE583CC6-2BBD-42CD-BC0C-E464C7FC28AC}.Release|Any CPU.ActiveCfg = Release|Any CPU
		{CE583CC6-2BBD-42CD-BC0C-E464C7FC28AC}.Release|Any CPU.Build.0 = Release|Any CPU
	EndGlobalSection
	GlobalSection(SolutionProperties) = preSolution
		HideSolutionNode = FALSE
	EndGlobalSection
	GlobalSection(ExtensibilityGlobals) = postSolution
		SolutionGuid = {7C1EAA51-2375-48EA-AEFA-081E03DBA088}
	EndGlobalSection
EndGlobal
